
Microsoft Visual Studio Solution File, Format Version 12.00
# Visual Studio Version 17
VisualStudioVersion = 17.8.34330.188
MinimumVisualStudioVersion = 10.0.40219.1
Project("{8BC9CEB8-8B4A-11D0-8D11-00A0C91BC942}") = "EngineFirst", "EngineFirst\EngineFirst.vcxproj", "{8D8BBA6D-C35B-40C0-8C7E-AEDDA32CD41C}"
EndProject
Project("{8BC9CEB8-8B4A-11D0-8D11-00A0C91BC942}") = "Client", "Client\Client.vcxproj", "{46649FE2-F740-463E-8CA8-19DC5636AD10}"
EndProject
Global
	GlobalSection(SolutionConfigurationPlatforms) = preSolution
		Debug|x64 = Debug|x64
		Release|x64 = Release|x64
	EndGlobalSection
	GlobalSection(ProjectConfigurationPlatforms) = postSolution
		{8D8BBA6D-C35B-40C0-8C7E-AEDDA32CD41C}.Debug|x64.ActiveCfg = Debug|x64
		{8D8BBA6D-C35B-40C0-8C7E-AEDDA32CD41C}.Debug|x64.Build.0 = Debug|x64
		{8D8BBA6D-C35B-40C0-8C7E-AEDDA32CD41C}.Release|x64.ActiveCfg = Release|x64
		{8D8BBA6D-C35B-40C0-8C7E-AEDDA32CD41C}.Release|x64.Build.0 = Release|x64
		{46649FE2-F740-463E-8CA8-19DC5636AD10}.Debug|x64.ActiveCfg = Debug|x64
		{46649FE2-F740-463E-8CA8-19DC5636AD10}.Debug|x64.Build.0 = Debug|x64
		{46649FE2-F740-463E-8CA8-19DC5636AD10}.Release|x64.ActiveCfg = Release|x64
		{46649FE2-F740-463E-8CA8-19DC5636AD10}.Release|x64.Build.0 = Release|x64
	EndGlobalSection
	GlobalSection(SolutionProperties) = preSolution
		HideSolutionNode = FALSE
	EndGlobalSection
	GlobalSection(ExtensibilityGlobals) = postSolution
		SolutionGuid = {4C8BDDFF-7AB8-41E6-9EEF-9EE60B5BBE27}
	EndGlobalSection
EndGlobal
